
Microsoft Visual Studio Solution File, Format Version 12.00
# Visual Studio Version 16
VisualStudioVersion = 16.0.29230.61
MinimumVisualStudioVersion = 15.0.26124.0
Project("{9A19103F-16F7-4668-BE54-9A1E7A4F7556}") = "Microsoft.Toolkit.Graph", "Microsoft.Toolkit.Graph\Microsoft.Toolkit.Graph.csproj", "{B2246169-0CD8-473C-AFF6-172310E2C3F6}"
EndProject
Project("{9A19103F-16F7-4668-BE54-9A1E7A4F7556}") = "Microsoft.Toolkit.Graph.Controls", "Microsoft.Toolkit.Graph.Controls\Microsoft.Toolkit.Graph.Controls.csproj", "{42252EE8-7E68-428F-972B-6D2DD3AA12CC}"
EndProject
Project("{2150E333-8FDC-42A3-9474-1A3956D46DE8}") = "Build Config", "Build Config", "{B7903632-1BFF-4BA6-BD7A-9F8A897F7542}"
	ProjectSection(SolutionItems) = preProject
		.editorconfig = .editorconfig
		.gitignore = .gitignore
		azure-pipelines.yml = azure-pipelines.yml
		build\build.cake = build\build.cake
		build\build.ps1 = build\build.ps1
		Directory.Build.props = Directory.Build.props
		Directory.Build.targets = Directory.Build.targets
		global.json = global.json
		build\header.txt = build\header.txt
		nuget.config = nuget.config
		settings.xamlstyler = settings.xamlstyler
		stylecop.json = stylecop.json
		version.json = version.json
	EndProjectSection
EndProject
Project("{FAE04EC0-301F-11D3-BF4B-00C04F79EFBC}") = "SampleTest", "SampleTest\SampleTest.csproj", "{26F5807A-25B5-4E09-8C72-1749C4C59591}"
EndProject
Global
	GlobalSection(SolutionConfigurationPlatforms) = preSolution
		Debug|Any CPU = Debug|Any CPU
		Debug|x64 = Debug|x64
		Debug|x86 = Debug|x86
		Native|Any CPU = Native|Any CPU
		Native|x64 = Native|x64
		Native|x86 = Native|x86
		Release|Any CPU = Release|Any CPU
		Release|x64 = Release|x64
		Release|x86 = Release|x86
	EndGlobalSection
	GlobalSection(ProjectConfigurationPlatforms) = postSolution
		{B2246169-0CD8-473C-AFF6-172310E2C3F6}.Debug|Any CPU.ActiveCfg = Debug|Any CPU
		{B2246169-0CD8-473C-AFF6-172310E2C3F6}.Debug|Any CPU.Build.0 = Debug|Any CPU
		{B2246169-0CD8-473C-AFF6-172310E2C3F6}.Debug|x64.ActiveCfg = Debug|Any CPU
		{B2246169-0CD8-473C-AFF6-172310E2C3F6}.Debug|x64.Build.0 = Debug|Any CPU
		{B2246169-0CD8-473C-AFF6-172310E2C3F6}.Debug|x86.ActiveCfg = Debug|Any CPU
		{B2246169-0CD8-473C-AFF6-172310E2C3F6}.Debug|x86.Build.0 = Debug|Any CPU
		{B2246169-0CD8-473C-AFF6-172310E2C3F6}.Native|Any CPU.ActiveCfg = Release|Any CPU
		{B2246169-0CD8-473C-AFF6-172310E2C3F6}.Native|Any CPU.Build.0 = Release|Any CPU
		{B2246169-0CD8-473C-AFF6-172310E2C3F6}.Native|x64.ActiveCfg = Release|Any CPU
		{B2246169-0CD8-473C-AFF6-172310E2C3F6}.Native|x64.Build.0 = Release|Any CPU
		{B2246169-0CD8-473C-AFF6-172310E2C3F6}.Native|x86.ActiveCfg = Release|Any CPU
		{B2246169-0CD8-473C-AFF6-172310E2C3F6}.Native|x86.Build.0 = Release|Any CPU
		{B2246169-0CD8-473C-AFF6-172310E2C3F6}.Release|Any CPU.ActiveCfg = Release|Any CPU
		{B2246169-0CD8-473C-AFF6-172310E2C3F6}.Release|Any CPU.Build.0 = Release|Any CPU
		{B2246169-0CD8-473C-AFF6-172310E2C3F6}.Release|x64.ActiveCfg = Release|Any CPU
		{B2246169-0CD8-473C-AFF6-172310E2C3F6}.Release|x64.Build.0 = Release|Any CPU
		{B2246169-0CD8-473C-AFF6-172310E2C3F6}.Release|x86.ActiveCfg = Release|Any CPU
		{B2246169-0CD8-473C-AFF6-172310E2C3F6}.Release|x86.Build.0 = Release|Any CPU
		{42252EE8-7E68-428F-972B-6D2DD3AA12CC}.Debug|Any CPU.ActiveCfg = Debug|Any CPU
		{42252EE8-7E68-428F-972B-6D2DD3AA12CC}.Debug|Any CPU.Build.0 = Debug|Any CPU
		{42252EE8-7E68-428F-972B-6D2DD3AA12CC}.Debug|x64.ActiveCfg = Debug|Any CPU
		{42252EE8-7E68-428F-972B-6D2DD3AA12CC}.Debug|x64.Build.0 = Debug|Any CPU
		{42252EE8-7E68-428F-972B-6D2DD3AA12CC}.Debug|x86.ActiveCfg = Debug|Any CPU
		{42252EE8-7E68-428F-972B-6D2DD3AA12CC}.Debug|x86.Build.0 = Debug|Any CPU
		{42252EE8-7E68-428F-972B-6D2DD3AA12CC}.Native|Any CPU.ActiveCfg = Debug|Any CPU
		{42252EE8-7E68-428F-972B-6D2DD3AA12CC}.Native|Any CPU.Build.0 = Debug|Any CPU
		{42252EE8-7E68-428F-972B-6D2DD3AA12CC}.Native|x64.ActiveCfg = Debug|Any CPU
		{42252EE8-7E68-428F-972B-6D2DD3AA12CC}.Native|x64.Build.0 = Debug|Any CPU
		{42252EE8-7E68-428F-972B-6D2DD3AA12CC}.Native|x86.ActiveCfg = Debug|Any CPU
		{42252EE8-7E68-428F-972B-6D2DD3AA12CC}.Native|x86.Build.0 = Debug|Any CPU
		{42252EE8-7E68-428F-972B-6D2DD3AA12CC}.Release|Any CPU.ActiveCfg = Release|Any CPU
		{42252EE8-7E68-428F-972B-6D2DD3AA12CC}.Release|Any CPU.Build.0 = Release|Any CPU
		{42252EE8-7E68-428F-972B-6D2DD3AA12CC}.Release|x64.ActiveCfg = Release|Any CPU
		{42252EE8-7E68-428F-972B-6D2DD3AA12CC}.Release|x64.Build.0 = Release|Any CPU
		{42252EE8-7E68-428F-972B-6D2DD3AA12CC}.Release|x86.ActiveCfg = Release|Any CPU
		{42252EE8-7E68-428F-972B-6D2DD3AA12CC}.Release|x86.Build.0 = Release|Any CPU
		{26F5807A-25B5-4E09-8C72-1749C4C59591}.Debug|Any CPU.ActiveCfg = Debug|x86
		{26F5807A-25B5-4E09-8C72-1749C4C59591}.Debug|Any CPU.Build.0 = Debug|x86
		{26F5807A-25B5-4E09-8C72-1749C4C59591}.Debug|Any CPU.Deploy.0 = Debug|x86
		{26F5807A-25B5-4E09-8C72-1749C4C59591}.Debug|x64.ActiveCfg = Debug|x64
		{26F5807A-25B5-4E09-8C72-1749C4C59591}.Debug|x64.Build.0 = Debug|x64
		{26F5807A-25B5-4E09-8C72-1749C4C59591}.Debug|x64.Deploy.0 = Debug|x64
		{26F5807A-25B5-4E09-8C72-1749C4C59591}.Debug|x86.ActiveCfg = Debug|x86
		{26F5807A-25B5-4E09-8C72-1749C4C59591}.Debug|x86.Build.0 = Debug|x86
		{26F5807A-25B5-4E09-8C72-1749C4C59591}.Debug|x86.Deploy.0 = Debug|x86
		{26F5807A-25B5-4E09-8C72-1749C4C59591}.Native|Any CPU.ActiveCfg = Release|x64
		{26F5807A-25B5-4E09-8C72-1749C4C59591}.Native|x64.ActiveCfg = Release|x64
		{26F5807A-25B5-4E09-8C72-1749C4C59591}.Native|x86.ActiveCfg = Release|x86
		{26F5807A-25B5-4E09-8C72-1749C4C59591}.Release|Any CPU.ActiveCfg = Release|x86
		{26F5807A-25B5-4E09-8C72-1749C4C59591}.Release|x64.ActiveCfg = Release|x64
		{26F5807A-25B5-4E09-8C72-1749C4C59591}.Release|x64.Build.0 = Release|x64
		{26F5807A-25B5-4E09-8C72-1749C4C59591}.Release|x64.Deploy.0 = Release|x64
		{26F5807A-25B5-4E09-8C72-1749C4C59591}.Release|x86.ActiveCfg = Release|x86
		{26F5807A-25B5-4E09-8C72-1749C4C59591}.Release|x86.Build.0 = Release|x86
		{26F5807A-25B5-4E09-8C72-1749C4C59591}.Release|x86.Deploy.0 = Release|x86
	EndGlobalSection
	GlobalSection(SolutionProperties) = preSolution
		HideSolutionNode = FALSE
	EndGlobalSection
	GlobalSection(ExtensibilityGlobals) = postSolution
		SolutionGuid = {20641689-5BDE-4F6F-8889-CCDD2CC2685E}
	EndGlobalSection
EndGlobal
