
Microsoft Visual Studio Solution File, Format Version 12.00
# Visual Studio Version 16
VisualStudioVersion = 16.0.29230.61
MinimumVisualStudioVersion = 15.0.26124.0
Project("{9A19103F-16F7-4668-BE54-9A1E7A4F7556}") = "CommunityToolkit.Net.Graph", "CommunityToolkit.Net.Graph\CommunityToolkit.Net.Graph.csproj", "{B2246169-0CD8-473C-AFF6-172310E2C3F6}"
EndProject
Project("{9A19103F-16F7-4668-BE54-9A1E7A4F7556}") = "CommunityToolkit.Uwp.Graph.Controls", "CommunityToolkit.Uwp.Graph.Controls\CommunityToolkit.Uwp.Graph.Controls.csproj", "{42252EE8-7E68-428F-972B-6D2DD3AA12CC}"
EndProject
Project("{2150E333-8FDC-42A3-9474-1A3956D46DE8}") = "Build Config", "Build Config", "{B7903632-1BFF-4BA6-BD7A-9F8A897F7542}"
	ProjectSection(SolutionItems) = preProject
		.editorconfig = .editorconfig
		.gitignore = .gitignore
		azure-pipelines.yml = azure-pipelines.yml
		build\build.cake = build\build.cake
		build\build.ps1 = build\build.ps1
		Directory.Build.props = Directory.Build.props
		Directory.Build.targets = Directory.Build.targets
		global.json = global.json
		build\header.txt = build\header.txt
		nuget.config = nuget.config
		settings.xamlstyler = settings.xamlstyler
		stylecop.json = stylecop.json
		version.json = version.json
	EndProjectSection
EndProject
Project("{FAE04EC0-301F-11D3-BF4B-00C04F79EFBC}") = "SampleTest", "SampleTest\SampleTest.csproj", "{26F5807A-25B5-4E09-8C72-1749C4C59591}"
EndProject
Project("{9A19103F-16F7-4668-BE54-9A1E7A4F7556}") = "CommunityToolkit.Net.Authentication", "CommunityToolkit.Net.Authentication\CommunityToolkit.Net.Authentication.csproj", "{B323A2E1-66EF-4037-95B7-2DEFA051B4B1}"
EndProject
Project("{9A19103F-16F7-4668-BE54-9A1E7A4F7556}") = "CommunityToolkit.Net.Authentication.Msal", "CommunityToolkit.Net.Authentication.Msal\CommunityToolkit.Net.Authentication.Msal.csproj", "{CA4042D2-33A2-450B-8B9D-C286B9F3F3F4}"
EndProject
Project("{9A19103F-16F7-4668-BE54-9A1E7A4F7556}") = "CommunityToolkit.Uwp.Authentication", "CommunityToolkit.Uwp.Authentication\CommunityToolkit.Uwp.Authentication.csproj", "{2E4A708A-DF53-4863-B797-E14CDC6B90FA}"
EndProject
Project("{2150E333-8FDC-42A3-9474-1A3956D46DE8}") = "UnitTests", "UnitTests", "{FECA0506-1FFF-4BF2-B266-B4ADC7E00879}"
EndProject
Project("{FAE04EC0-301F-11D3-BF4B-00C04F79EFBC}") = "UnitTests.UWP", "UnitTests\UnitTests.UWP\UnitTests.UWP.csproj", "{6B33B26C-008B-4ADB-B317-EF996CD6755B}"
EndProject
Global
	GlobalSection(SolutionConfigurationPlatforms) = preSolution
		CI|Any CPU = CI|Any CPU
		CI|ARM = CI|ARM
		CI|ARM64 = CI|ARM64
		CI|x64 = CI|x64
		CI|x86 = CI|x86
		Debug|Any CPU = Debug|Any CPU
		Debug|ARM = Debug|ARM
		Debug|ARM64 = Debug|ARM64
		Debug|x64 = Debug|x64
		Debug|x86 = Debug|x86
		Native|Any CPU = Native|Any CPU
		Native|ARM = Native|ARM
		Native|ARM64 = Native|ARM64
		Native|x64 = Native|x64
		Native|x86 = Native|x86
		Release|Any CPU = Release|Any CPU
		Release|ARM = Release|ARM
		Release|ARM64 = Release|ARM64
		Release|x64 = Release|x64
		Release|x86 = Release|x86
	EndGlobalSection
	GlobalSection(ProjectConfigurationPlatforms) = postSolution
		{B2246169-0CD8-473C-AFF6-172310E2C3F6}.CI|Any CPU.ActiveCfg = CI|Any CPU
		{B2246169-0CD8-473C-AFF6-172310E2C3F6}.CI|Any CPU.Build.0 = CI|Any CPU
		{B2246169-0CD8-473C-AFF6-172310E2C3F6}.CI|ARM.ActiveCfg = CI|ARM
		{B2246169-0CD8-473C-AFF6-172310E2C3F6}.CI|ARM.Build.0 = CI|ARM
		{B2246169-0CD8-473C-AFF6-172310E2C3F6}.CI|ARM64.ActiveCfg = CI|ARM64
		{B2246169-0CD8-473C-AFF6-172310E2C3F6}.CI|ARM64.Build.0 = CI|ARM64
		{B2246169-0CD8-473C-AFF6-172310E2C3F6}.CI|x64.ActiveCfg = CI|x64
		{B2246169-0CD8-473C-AFF6-172310E2C3F6}.CI|x64.Build.0 = CI|x64
		{B2246169-0CD8-473C-AFF6-172310E2C3F6}.CI|x86.ActiveCfg = CI|x86
		{B2246169-0CD8-473C-AFF6-172310E2C3F6}.CI|x86.Build.0 = CI|x86
		{B2246169-0CD8-473C-AFF6-172310E2C3F6}.Debug|Any CPU.ActiveCfg = Debug|Any CPU
		{B2246169-0CD8-473C-AFF6-172310E2C3F6}.Debug|Any CPU.Build.0 = Debug|Any CPU
		{B2246169-0CD8-473C-AFF6-172310E2C3F6}.Debug|ARM.ActiveCfg = Debug|Any CPU
		{B2246169-0CD8-473C-AFF6-172310E2C3F6}.Debug|ARM.Build.0 = Debug|Any CPU
		{B2246169-0CD8-473C-AFF6-172310E2C3F6}.Debug|ARM64.ActiveCfg = Debug|Any CPU
		{B2246169-0CD8-473C-AFF6-172310E2C3F6}.Debug|ARM64.Build.0 = Debug|Any CPU
		{B2246169-0CD8-473C-AFF6-172310E2C3F6}.Debug|x64.ActiveCfg = Debug|Any CPU
		{B2246169-0CD8-473C-AFF6-172310E2C3F6}.Debug|x64.Build.0 = Debug|Any CPU
		{B2246169-0CD8-473C-AFF6-172310E2C3F6}.Debug|x86.ActiveCfg = Debug|Any CPU
		{B2246169-0CD8-473C-AFF6-172310E2C3F6}.Debug|x86.Build.0 = Debug|Any CPU
		{B2246169-0CD8-473C-AFF6-172310E2C3F6}.Native|Any CPU.ActiveCfg = Release|Any CPU
		{B2246169-0CD8-473C-AFF6-172310E2C3F6}.Native|Any CPU.Build.0 = Release|Any CPU
		{B2246169-0CD8-473C-AFF6-172310E2C3F6}.Native|ARM.ActiveCfg = Release|Any CPU
		{B2246169-0CD8-473C-AFF6-172310E2C3F6}.Native|ARM.Build.0 = Release|Any CPU
		{B2246169-0CD8-473C-AFF6-172310E2C3F6}.Native|ARM64.ActiveCfg = Release|Any CPU
		{B2246169-0CD8-473C-AFF6-172310E2C3F6}.Native|ARM64.Build.0 = Release|Any CPU
		{B2246169-0CD8-473C-AFF6-172310E2C3F6}.Native|x64.ActiveCfg = Release|Any CPU
		{B2246169-0CD8-473C-AFF6-172310E2C3F6}.Native|x64.Build.0 = Release|Any CPU
		{B2246169-0CD8-473C-AFF6-172310E2C3F6}.Native|x86.ActiveCfg = Release|Any CPU
		{B2246169-0CD8-473C-AFF6-172310E2C3F6}.Native|x86.Build.0 = Release|Any CPU
		{B2246169-0CD8-473C-AFF6-172310E2C3F6}.Release|Any CPU.ActiveCfg = Release|Any CPU
		{B2246169-0CD8-473C-AFF6-172310E2C3F6}.Release|Any CPU.Build.0 = Release|Any CPU
		{B2246169-0CD8-473C-AFF6-172310E2C3F6}.Release|ARM.ActiveCfg = Release|Any CPU
		{B2246169-0CD8-473C-AFF6-172310E2C3F6}.Release|ARM.Build.0 = Release|Any CPU
		{B2246169-0CD8-473C-AFF6-172310E2C3F6}.Release|ARM64.ActiveCfg = Release|Any CPU
		{B2246169-0CD8-473C-AFF6-172310E2C3F6}.Release|ARM64.Build.0 = Release|Any CPU
		{B2246169-0CD8-473C-AFF6-172310E2C3F6}.Release|x64.ActiveCfg = Release|Any CPU
		{B2246169-0CD8-473C-AFF6-172310E2C3F6}.Release|x64.Build.0 = Release|Any CPU
		{B2246169-0CD8-473C-AFF6-172310E2C3F6}.Release|x86.ActiveCfg = Release|Any CPU
		{B2246169-0CD8-473C-AFF6-172310E2C3F6}.Release|x86.Build.0 = Release|Any CPU
		{42252EE8-7E68-428F-972B-6D2DD3AA12CC}.CI|Any CPU.ActiveCfg = CI|Any CPU
		{42252EE8-7E68-428F-972B-6D2DD3AA12CC}.CI|Any CPU.Build.0 = CI|Any CPU
		{42252EE8-7E68-428F-972B-6D2DD3AA12CC}.CI|ARM.ActiveCfg = CI|ARM
		{42252EE8-7E68-428F-972B-6D2DD3AA12CC}.CI|ARM.Build.0 = CI|ARM
		{42252EE8-7E68-428F-972B-6D2DD3AA12CC}.CI|ARM64.ActiveCfg = CI|ARM64
		{42252EE8-7E68-428F-972B-6D2DD3AA12CC}.CI|ARM64.Build.0 = CI|ARM64
		{42252EE8-7E68-428F-972B-6D2DD3AA12CC}.CI|x64.ActiveCfg = CI|x64
		{42252EE8-7E68-428F-972B-6D2DD3AA12CC}.CI|x64.Build.0 = CI|x64
		{42252EE8-7E68-428F-972B-6D2DD3AA12CC}.CI|x86.ActiveCfg = CI|x86
		{42252EE8-7E68-428F-972B-6D2DD3AA12CC}.CI|x86.Build.0 = CI|x86
		{42252EE8-7E68-428F-972B-6D2DD3AA12CC}.Debug|Any CPU.ActiveCfg = Debug|Any CPU
		{42252EE8-7E68-428F-972B-6D2DD3AA12CC}.Debug|Any CPU.Build.0 = Debug|Any CPU
		{42252EE8-7E68-428F-972B-6D2DD3AA12CC}.Debug|ARM.ActiveCfg = Debug|Any CPU
		{42252EE8-7E68-428F-972B-6D2DD3AA12CC}.Debug|ARM.Build.0 = Debug|Any CPU
		{42252EE8-7E68-428F-972B-6D2DD3AA12CC}.Debug|ARM64.ActiveCfg = Debug|Any CPU
		{42252EE8-7E68-428F-972B-6D2DD3AA12CC}.Debug|ARM64.Build.0 = Debug|Any CPU
		{42252EE8-7E68-428F-972B-6D2DD3AA12CC}.Debug|x64.ActiveCfg = Debug|Any CPU
		{42252EE8-7E68-428F-972B-6D2DD3AA12CC}.Debug|x64.Build.0 = Debug|Any CPU
		{42252EE8-7E68-428F-972B-6D2DD3AA12CC}.Debug|x86.ActiveCfg = Debug|Any CPU
		{42252EE8-7E68-428F-972B-6D2DD3AA12CC}.Debug|x86.Build.0 = Debug|Any CPU
		{42252EE8-7E68-428F-972B-6D2DD3AA12CC}.Native|Any CPU.ActiveCfg = Debug|Any CPU
		{42252EE8-7E68-428F-972B-6D2DD3AA12CC}.Native|Any CPU.Build.0 = Debug|Any CPU
		{42252EE8-7E68-428F-972B-6D2DD3AA12CC}.Native|ARM.ActiveCfg = Debug|Any CPU
		{42252EE8-7E68-428F-972B-6D2DD3AA12CC}.Native|ARM.Build.0 = Debug|Any CPU
		{42252EE8-7E68-428F-972B-6D2DD3AA12CC}.Native|ARM64.ActiveCfg = Release|Any CPU
		{42252EE8-7E68-428F-972B-6D2DD3AA12CC}.Native|ARM64.Build.0 = Release|Any CPU
		{42252EE8-7E68-428F-972B-6D2DD3AA12CC}.Native|x64.ActiveCfg = Debug|Any CPU
		{42252EE8-7E68-428F-972B-6D2DD3AA12CC}.Native|x64.Build.0 = Debug|Any CPU
		{42252EE8-7E68-428F-972B-6D2DD3AA12CC}.Native|x86.ActiveCfg = Debug|Any CPU
		{42252EE8-7E68-428F-972B-6D2DD3AA12CC}.Native|x86.Build.0 = Debug|Any CPU
		{42252EE8-7E68-428F-972B-6D2DD3AA12CC}.Release|Any CPU.ActiveCfg = Release|Any CPU
		{42252EE8-7E68-428F-972B-6D2DD3AA12CC}.Release|Any CPU.Build.0 = Release|Any CPU
		{42252EE8-7E68-428F-972B-6D2DD3AA12CC}.Release|ARM.ActiveCfg = Release|Any CPU
		{42252EE8-7E68-428F-972B-6D2DD3AA12CC}.Release|ARM.Build.0 = Release|Any CPU
		{42252EE8-7E68-428F-972B-6D2DD3AA12CC}.Release|ARM64.ActiveCfg = Release|Any CPU
		{42252EE8-7E68-428F-972B-6D2DD3AA12CC}.Release|ARM64.Build.0 = Release|Any CPU
		{42252EE8-7E68-428F-972B-6D2DD3AA12CC}.Release|x64.ActiveCfg = Release|Any CPU
		{42252EE8-7E68-428F-972B-6D2DD3AA12CC}.Release|x64.Build.0 = Release|Any CPU
		{42252EE8-7E68-428F-972B-6D2DD3AA12CC}.Release|x86.ActiveCfg = Release|Any CPU
		{42252EE8-7E68-428F-972B-6D2DD3AA12CC}.Release|x86.Build.0 = Release|Any CPU
		{26F5807A-25B5-4E09-8C72-1749C4C59591}.CI|Any CPU.ActiveCfg = CI|x86
		{26F5807A-25B5-4E09-8C72-1749C4C59591}.CI|ARM.ActiveCfg = CI|ARM
		{26F5807A-25B5-4E09-8C72-1749C4C59591}.CI|ARM64.ActiveCfg = CI|ARM64
		{26F5807A-25B5-4E09-8C72-1749C4C59591}.CI|x64.ActiveCfg = CI|x64
		{26F5807A-25B5-4E09-8C72-1749C4C59591}.CI|x86.ActiveCfg = CI|x86
		{26F5807A-25B5-4E09-8C72-1749C4C59591}.Debug|Any CPU.ActiveCfg = Debug|x86
		{26F5807A-25B5-4E09-8C72-1749C4C59591}.Debug|Any CPU.Build.0 = Debug|x86
		{26F5807A-25B5-4E09-8C72-1749C4C59591}.Debug|Any CPU.Deploy.0 = Debug|x86
		{26F5807A-25B5-4E09-8C72-1749C4C59591}.Debug|ARM.ActiveCfg = Debug|ARM
		{26F5807A-25B5-4E09-8C72-1749C4C59591}.Debug|ARM.Build.0 = Debug|ARM
		{26F5807A-25B5-4E09-8C72-1749C4C59591}.Debug|ARM.Deploy.0 = Debug|ARM
		{26F5807A-25B5-4E09-8C72-1749C4C59591}.Debug|ARM64.ActiveCfg = Debug|ARM64
		{26F5807A-25B5-4E09-8C72-1749C4C59591}.Debug|ARM64.Build.0 = Debug|ARM64
		{26F5807A-25B5-4E09-8C72-1749C4C59591}.Debug|ARM64.Deploy.0 = Debug|ARM64
		{26F5807A-25B5-4E09-8C72-1749C4C59591}.Debug|x64.ActiveCfg = Debug|x64
		{26F5807A-25B5-4E09-8C72-1749C4C59591}.Debug|x64.Build.0 = Debug|x64
		{26F5807A-25B5-4E09-8C72-1749C4C59591}.Debug|x64.Deploy.0 = Debug|x64
		{26F5807A-25B5-4E09-8C72-1749C4C59591}.Debug|x86.ActiveCfg = Debug|x86
		{26F5807A-25B5-4E09-8C72-1749C4C59591}.Debug|x86.Build.0 = Debug|x86
		{26F5807A-25B5-4E09-8C72-1749C4C59591}.Debug|x86.Deploy.0 = Debug|x86
		{26F5807A-25B5-4E09-8C72-1749C4C59591}.Native|Any CPU.ActiveCfg = Release|x64
		{26F5807A-25B5-4E09-8C72-1749C4C59591}.Native|ARM.ActiveCfg = Release|ARM
		{26F5807A-25B5-4E09-8C72-1749C4C59591}.Native|ARM64.ActiveCfg = Release|ARM64
		{26F5807A-25B5-4E09-8C72-1749C4C59591}.Native|x64.ActiveCfg = Release|x64
		{26F5807A-25B5-4E09-8C72-1749C4C59591}.Native|x86.ActiveCfg = Release|x86
		{26F5807A-25B5-4E09-8C72-1749C4C59591}.Release|Any CPU.ActiveCfg = Release|x86
		{26F5807A-25B5-4E09-8C72-1749C4C59591}.Release|ARM.ActiveCfg = Release|ARM
		{26F5807A-25B5-4E09-8C72-1749C4C59591}.Release|ARM.Build.0 = Release|ARM
		{26F5807A-25B5-4E09-8C72-1749C4C59591}.Release|ARM.Deploy.0 = Release|ARM
		{26F5807A-25B5-4E09-8C72-1749C4C59591}.Release|ARM64.ActiveCfg = Release|ARM64
		{26F5807A-25B5-4E09-8C72-1749C4C59591}.Release|ARM64.Build.0 = Release|ARM64
		{26F5807A-25B5-4E09-8C72-1749C4C59591}.Release|ARM64.Deploy.0 = Release|ARM64
		{26F5807A-25B5-4E09-8C72-1749C4C59591}.Release|x64.ActiveCfg = Release|x64
		{26F5807A-25B5-4E09-8C72-1749C4C59591}.Release|x64.Build.0 = Release|x64
		{26F5807A-25B5-4E09-8C72-1749C4C59591}.Release|x64.Deploy.0 = Release|x64
		{26F5807A-25B5-4E09-8C72-1749C4C59591}.Release|x86.ActiveCfg = Release|x86
		{26F5807A-25B5-4E09-8C72-1749C4C59591}.Release|x86.Build.0 = Release|x86
		{26F5807A-25B5-4E09-8C72-1749C4C59591}.Release|x86.Deploy.0 = Release|x86
		{B323A2E1-66EF-4037-95B7-2DEFA051B4B1}.CI|Any CPU.ActiveCfg = CI|Any CPU
		{B323A2E1-66EF-4037-95B7-2DEFA051B4B1}.CI|Any CPU.Build.0 = CI|Any CPU
		{B323A2E1-66EF-4037-95B7-2DEFA051B4B1}.CI|ARM.ActiveCfg = CI|ARM
		{B323A2E1-66EF-4037-95B7-2DEFA051B4B1}.CI|ARM.Build.0 = CI|ARM
		{B323A2E1-66EF-4037-95B7-2DEFA051B4B1}.CI|ARM64.ActiveCfg = CI|ARM64
		{B323A2E1-66EF-4037-95B7-2DEFA051B4B1}.CI|ARM64.Build.0 = CI|ARM64
		{B323A2E1-66EF-4037-95B7-2DEFA051B4B1}.CI|x64.ActiveCfg = CI|x64
		{B323A2E1-66EF-4037-95B7-2DEFA051B4B1}.CI|x64.Build.0 = CI|x64
		{B323A2E1-66EF-4037-95B7-2DEFA051B4B1}.CI|x86.ActiveCfg = CI|x86
		{B323A2E1-66EF-4037-95B7-2DEFA051B4B1}.CI|x86.Build.0 = CI|x86
		{B323A2E1-66EF-4037-95B7-2DEFA051B4B1}.Debug|Any CPU.ActiveCfg = Debug|Any CPU
		{B323A2E1-66EF-4037-95B7-2DEFA051B4B1}.Debug|Any CPU.Build.0 = Debug|Any CPU
		{B323A2E1-66EF-4037-95B7-2DEFA051B4B1}.Debug|ARM.ActiveCfg = Debug|ARM
		{B323A2E1-66EF-4037-95B7-2DEFA051B4B1}.Debug|ARM.Build.0 = Debug|ARM
		{B323A2E1-66EF-4037-95B7-2DEFA051B4B1}.Debug|ARM64.ActiveCfg = Debug|ARM64
		{B323A2E1-66EF-4037-95B7-2DEFA051B4B1}.Debug|ARM64.Build.0 = Debug|ARM64
		{B323A2E1-66EF-4037-95B7-2DEFA051B4B1}.Debug|x64.ActiveCfg = Debug|x64
		{B323A2E1-66EF-4037-95B7-2DEFA051B4B1}.Debug|x64.Build.0 = Debug|x64
		{B323A2E1-66EF-4037-95B7-2DEFA051B4B1}.Debug|x86.ActiveCfg = Debug|x86
		{B323A2E1-66EF-4037-95B7-2DEFA051B4B1}.Debug|x86.Build.0 = Debug|x86
		{B323A2E1-66EF-4037-95B7-2DEFA051B4B1}.Native|Any CPU.ActiveCfg = Debug|Any CPU
		{B323A2E1-66EF-4037-95B7-2DEFA051B4B1}.Native|Any CPU.Build.0 = Debug|Any CPU
		{B323A2E1-66EF-4037-95B7-2DEFA051B4B1}.Native|ARM.ActiveCfg = Debug|ARM
		{B323A2E1-66EF-4037-95B7-2DEFA051B4B1}.Native|ARM.Build.0 = Debug|ARM
		{B323A2E1-66EF-4037-95B7-2DEFA051B4B1}.Native|ARM64.ActiveCfg = Debug|ARM64
		{B323A2E1-66EF-4037-95B7-2DEFA051B4B1}.Native|ARM64.Build.0 = Debug|ARM64
		{B323A2E1-66EF-4037-95B7-2DEFA051B4B1}.Native|x64.ActiveCfg = Debug|x64
		{B323A2E1-66EF-4037-95B7-2DEFA051B4B1}.Native|x64.Build.0 = Debug|x64
		{B323A2E1-66EF-4037-95B7-2DEFA051B4B1}.Native|x86.ActiveCfg = Debug|x86
		{B323A2E1-66EF-4037-95B7-2DEFA051B4B1}.Native|x86.Build.0 = Debug|x86
		{B323A2E1-66EF-4037-95B7-2DEFA051B4B1}.Release|Any CPU.ActiveCfg = Release|Any CPU
		{B323A2E1-66EF-4037-95B7-2DEFA051B4B1}.Release|Any CPU.Build.0 = Release|Any CPU
		{B323A2E1-66EF-4037-95B7-2DEFA051B4B1}.Release|ARM.ActiveCfg = Release|ARM
		{B323A2E1-66EF-4037-95B7-2DEFA051B4B1}.Release|ARM.Build.0 = Release|ARM
		{B323A2E1-66EF-4037-95B7-2DEFA051B4B1}.Release|ARM64.ActiveCfg = Release|ARM64
		{B323A2E1-66EF-4037-95B7-2DEFA051B4B1}.Release|ARM64.Build.0 = Release|ARM64
		{B323A2E1-66EF-4037-95B7-2DEFA051B4B1}.Release|x64.ActiveCfg = Release|x64
		{B323A2E1-66EF-4037-95B7-2DEFA051B4B1}.Release|x64.Build.0 = Release|x64
		{B323A2E1-66EF-4037-95B7-2DEFA051B4B1}.Release|x86.ActiveCfg = Release|x86
		{B323A2E1-66EF-4037-95B7-2DEFA051B4B1}.Release|x86.Build.0 = Release|x86
		{CA4042D2-33A2-450B-8B9D-C286B9F3F3F4}.CI|Any CPU.ActiveCfg = CI|Any CPU
		{CA4042D2-33A2-450B-8B9D-C286B9F3F3F4}.CI|Any CPU.Build.0 = CI|Any CPU
		{CA4042D2-33A2-450B-8B9D-C286B9F3F3F4}.CI|ARM.ActiveCfg = CI|ARM
		{CA4042D2-33A2-450B-8B9D-C286B9F3F3F4}.CI|ARM.Build.0 = CI|ARM
		{CA4042D2-33A2-450B-8B9D-C286B9F3F3F4}.CI|ARM64.ActiveCfg = CI|ARM64
		{CA4042D2-33A2-450B-8B9D-C286B9F3F3F4}.CI|ARM64.Build.0 = CI|ARM64
		{CA4042D2-33A2-450B-8B9D-C286B9F3F3F4}.CI|x64.ActiveCfg = CI|x64
		{CA4042D2-33A2-450B-8B9D-C286B9F3F3F4}.CI|x64.Build.0 = CI|x64
		{CA4042D2-33A2-450B-8B9D-C286B9F3F3F4}.CI|x86.ActiveCfg = CI|x86
		{CA4042D2-33A2-450B-8B9D-C286B9F3F3F4}.CI|x86.Build.0 = CI|x86
		{CA4042D2-33A2-450B-8B9D-C286B9F3F3F4}.Debug|Any CPU.ActiveCfg = Debug|Any CPU
		{CA4042D2-33A2-450B-8B9D-C286B9F3F3F4}.Debug|Any CPU.Build.0 = Debug|Any CPU
		{CA4042D2-33A2-450B-8B9D-C286B9F3F3F4}.Debug|ARM.ActiveCfg = Debug|ARM
		{CA4042D2-33A2-450B-8B9D-C286B9F3F3F4}.Debug|ARM.Build.0 = Debug|ARM
		{CA4042D2-33A2-450B-8B9D-C286B9F3F3F4}.Debug|ARM64.ActiveCfg = Debug|ARM64
		{CA4042D2-33A2-450B-8B9D-C286B9F3F3F4}.Debug|ARM64.Build.0 = Debug|ARM64
		{CA4042D2-33A2-450B-8B9D-C286B9F3F3F4}.Debug|x64.ActiveCfg = Debug|x64
		{CA4042D2-33A2-450B-8B9D-C286B9F3F3F4}.Debug|x64.Build.0 = Debug|x64
		{CA4042D2-33A2-450B-8B9D-C286B9F3F3F4}.Debug|x86.ActiveCfg = Debug|x86
		{CA4042D2-33A2-450B-8B9D-C286B9F3F3F4}.Debug|x86.Build.0 = Debug|x86
		{CA4042D2-33A2-450B-8B9D-C286B9F3F3F4}.Native|Any CPU.ActiveCfg = Debug|Any CPU
		{CA4042D2-33A2-450B-8B9D-C286B9F3F3F4}.Native|Any CPU.Build.0 = Debug|Any CPU
		{CA4042D2-33A2-450B-8B9D-C286B9F3F3F4}.Native|ARM.ActiveCfg = Debug|ARM
		{CA4042D2-33A2-450B-8B9D-C286B9F3F3F4}.Native|ARM.Build.0 = Debug|ARM
		{CA4042D2-33A2-450B-8B9D-C286B9F3F3F4}.Native|ARM64.ActiveCfg = Debug|ARM64
		{CA4042D2-33A2-450B-8B9D-C286B9F3F3F4}.Native|ARM64.Build.0 = Debug|ARM64
		{CA4042D2-33A2-450B-8B9D-C286B9F3F3F4}.Native|x64.ActiveCfg = Debug|x64
		{CA4042D2-33A2-450B-8B9D-C286B9F3F3F4}.Native|x64.Build.0 = Debug|x64
		{CA4042D2-33A2-450B-8B9D-C286B9F3F3F4}.Native|x86.ActiveCfg = Debug|x86
		{CA4042D2-33A2-450B-8B9D-C286B9F3F3F4}.Native|x86.Build.0 = Debug|x86
		{CA4042D2-33A2-450B-8B9D-C286B9F3F3F4}.Release|Any CPU.ActiveCfg = Release|Any CPU
		{CA4042D2-33A2-450B-8B9D-C286B9F3F3F4}.Release|Any CPU.Build.0 = Release|Any CPU
		{CA4042D2-33A2-450B-8B9D-C286B9F3F3F4}.Release|ARM.ActiveCfg = Release|ARM
		{CA4042D2-33A2-450B-8B9D-C286B9F3F3F4}.Release|ARM.Build.0 = Release|ARM
		{CA4042D2-33A2-450B-8B9D-C286B9F3F3F4}.Release|ARM64.ActiveCfg = Release|ARM64
		{CA4042D2-33A2-450B-8B9D-C286B9F3F3F4}.Release|ARM64.Build.0 = Release|ARM64
		{CA4042D2-33A2-450B-8B9D-C286B9F3F3F4}.Release|x64.ActiveCfg = Release|x64
		{CA4042D2-33A2-450B-8B9D-C286B9F3F3F4}.Release|x64.Build.0 = Release|x64
		{CA4042D2-33A2-450B-8B9D-C286B9F3F3F4}.Release|x86.ActiveCfg = Release|x86
		{CA4042D2-33A2-450B-8B9D-C286B9F3F3F4}.Release|x86.Build.0 = Release|x86
		{2E4A708A-DF53-4863-B797-E14CDC6B90FA}.CI|Any CPU.ActiveCfg = CI|Any CPU
		{2E4A708A-DF53-4863-B797-E14CDC6B90FA}.CI|Any CPU.Build.0 = CI|Any CPU
		{2E4A708A-DF53-4863-B797-E14CDC6B90FA}.CI|ARM.ActiveCfg = CI|ARM
		{2E4A708A-DF53-4863-B797-E14CDC6B90FA}.CI|ARM.Build.0 = CI|ARM
		{2E4A708A-DF53-4863-B797-E14CDC6B90FA}.CI|ARM64.ActiveCfg = CI|ARM64
		{2E4A708A-DF53-4863-B797-E14CDC6B90FA}.CI|ARM64.Build.0 = CI|ARM64
		{2E4A708A-DF53-4863-B797-E14CDC6B90FA}.CI|x64.ActiveCfg = CI|x64
		{2E4A708A-DF53-4863-B797-E14CDC6B90FA}.CI|x64.Build.0 = CI|x64
		{2E4A708A-DF53-4863-B797-E14CDC6B90FA}.CI|x86.ActiveCfg = CI|x86
		{2E4A708A-DF53-4863-B797-E14CDC6B90FA}.CI|x86.Build.0 = CI|x86
		{2E4A708A-DF53-4863-B797-E14CDC6B90FA}.Debug|Any CPU.ActiveCfg = Debug|Any CPU
		{2E4A708A-DF53-4863-B797-E14CDC6B90FA}.Debug|Any CPU.Build.0 = Debug|Any CPU
		{2E4A708A-DF53-4863-B797-E14CDC6B90FA}.Debug|ARM.ActiveCfg = Debug|ARM
		{2E4A708A-DF53-4863-B797-E14CDC6B90FA}.Debug|ARM.Build.0 = Debug|ARM
		{2E4A708A-DF53-4863-B797-E14CDC6B90FA}.Debug|ARM64.ActiveCfg = Debug|ARM64
		{2E4A708A-DF53-4863-B797-E14CDC6B90FA}.Debug|ARM64.Build.0 = Debug|ARM64
		{2E4A708A-DF53-4863-B797-E14CDC6B90FA}.Debug|x64.ActiveCfg = Debug|x64
		{2E4A708A-DF53-4863-B797-E14CDC6B90FA}.Debug|x64.Build.0 = Debug|x64
		{2E4A708A-DF53-4863-B797-E14CDC6B90FA}.Debug|x86.ActiveCfg = Debug|x86
		{2E4A708A-DF53-4863-B797-E14CDC6B90FA}.Debug|x86.Build.0 = Debug|x86
		{2E4A708A-DF53-4863-B797-E14CDC6B90FA}.Native|Any CPU.ActiveCfg = Debug|Any CPU
		{2E4A708A-DF53-4863-B797-E14CDC6B90FA}.Native|Any CPU.Build.0 = Debug|Any CPU
		{2E4A708A-DF53-4863-B797-E14CDC6B90FA}.Native|ARM.ActiveCfg = Debug|ARM
		{2E4A708A-DF53-4863-B797-E14CDC6B90FA}.Native|ARM.Build.0 = Debug|ARM
		{2E4A708A-DF53-4863-B797-E14CDC6B90FA}.Native|ARM64.ActiveCfg = Debug|ARM64
		{2E4A708A-DF53-4863-B797-E14CDC6B90FA}.Native|ARM64.Build.0 = Debug|ARM64
		{2E4A708A-DF53-4863-B797-E14CDC6B90FA}.Native|x64.ActiveCfg = Debug|x64
		{2E4A708A-DF53-4863-B797-E14CDC6B90FA}.Native|x64.Build.0 = Debug|x64
		{2E4A708A-DF53-4863-B797-E14CDC6B90FA}.Native|x86.ActiveCfg = Debug|x86
		{2E4A708A-DF53-4863-B797-E14CDC6B90FA}.Native|x86.Build.0 = Debug|x86
		{2E4A708A-DF53-4863-B797-E14CDC6B90FA}.Release|Any CPU.ActiveCfg = Release|Any CPU
		{2E4A708A-DF53-4863-B797-E14CDC6B90FA}.Release|Any CPU.Build.0 = Release|Any CPU
		{2E4A708A-DF53-4863-B797-E14CDC6B90FA}.Release|ARM.ActiveCfg = Release|ARM
		{2E4A708A-DF53-4863-B797-E14CDC6B90FA}.Release|ARM.Build.0 = Release|ARM
		{2E4A708A-DF53-4863-B797-E14CDC6B90FA}.Release|ARM64.ActiveCfg = Release|ARM64
		{2E4A708A-DF53-4863-B797-E14CDC6B90FA}.Release|ARM64.Build.0 = Release|ARM64
		{2E4A708A-DF53-4863-B797-E14CDC6B90FA}.Release|x64.ActiveCfg = Release|x64
		{2E4A708A-DF53-4863-B797-E14CDC6B90FA}.Release|x64.Build.0 = Release|x64
		{2E4A708A-DF53-4863-B797-E14CDC6B90FA}.Release|x86.ActiveCfg = Release|x86
		{2E4A708A-DF53-4863-B797-E14CDC6B90FA}.Release|x86.Build.0 = Release|x86
		{6B33B26C-008B-4ADB-B317-EF996CD6755B}.CI|Any CPU.ActiveCfg = Debug|x86
		{6B33B26C-008B-4ADB-B317-EF996CD6755B}.CI|Any CPU.Build.0 = Debug|x86
		{6B33B26C-008B-4ADB-B317-EF996CD6755B}.CI|Any CPU.Deploy.0 = Debug|x86
		{6B33B26C-008B-4ADB-B317-EF996CD6755B}.CI|ARM.ActiveCfg = Debug|ARM
		{6B33B26C-008B-4ADB-B317-EF996CD6755B}.CI|ARM.Build.0 = Debug|ARM
		{6B33B26C-008B-4ADB-B317-EF996CD6755B}.CI|ARM.Deploy.0 = Debug|ARM
		{6B33B26C-008B-4ADB-B317-EF996CD6755B}.CI|ARM64.ActiveCfg = Debug|ARM64
		{6B33B26C-008B-4ADB-B317-EF996CD6755B}.CI|ARM64.Build.0 = Debug|ARM64
		{6B33B26C-008B-4ADB-B317-EF996CD6755B}.CI|ARM64.Deploy.0 = Debug|ARM64
		{6B33B26C-008B-4ADB-B317-EF996CD6755B}.CI|x64.ActiveCfg = Debug|x64
		{6B33B26C-008B-4ADB-B317-EF996CD6755B}.CI|x64.Build.0 = Debug|x64
		{6B33B26C-008B-4ADB-B317-EF996CD6755B}.CI|x64.Deploy.0 = Debug|x64
		{6B33B26C-008B-4ADB-B317-EF996CD6755B}.CI|x86.ActiveCfg = Debug|x86
		{6B33B26C-008B-4ADB-B317-EF996CD6755B}.CI|x86.Build.0 = Debug|x86
		{6B33B26C-008B-4ADB-B317-EF996CD6755B}.CI|x86.Deploy.0 = Debug|x86
		{6B33B26C-008B-4ADB-B317-EF996CD6755B}.Debug|Any CPU.ActiveCfg = Debug|x86
		{6B33B26C-008B-4ADB-B317-EF996CD6755B}.Debug|Any CPU.Build.0 = Debug|x86
		{6B33B26C-008B-4ADB-B317-EF996CD6755B}.Debug|ARM.ActiveCfg = Debug|ARM
		{6B33B26C-008B-4ADB-B317-EF996CD6755B}.Debug|ARM.Build.0 = Debug|ARM
		{6B33B26C-008B-4ADB-B317-EF996CD6755B}.Debug|ARM.Deploy.0 = Debug|ARM
		{6B33B26C-008B-4ADB-B317-EF996CD6755B}.Debug|ARM64.ActiveCfg = Debug|ARM64
		{6B33B26C-008B-4ADB-B317-EF996CD6755B}.Debug|ARM64.Build.0 = Debug|ARM64
		{6B33B26C-008B-4ADB-B317-EF996CD6755B}.Debug|ARM64.Deploy.0 = Debug|ARM64
		{6B33B26C-008B-4ADB-B317-EF996CD6755B}.Debug|x64.ActiveCfg = Debug|x64
		{6B33B26C-008B-4ADB-B317-EF996CD6755B}.Debug|x64.Build.0 = Debug|x64
		{6B33B26C-008B-4ADB-B317-EF996CD6755B}.Debug|x64.Deploy.0 = Debug|x64
		{6B33B26C-008B-4ADB-B317-EF996CD6755B}.Debug|x86.ActiveCfg = Debug|x86
		{6B33B26C-008B-4ADB-B317-EF996CD6755B}.Debug|x86.Build.0 = Debug|x86
		{6B33B26C-008B-4ADB-B317-EF996CD6755B}.Debug|x86.Deploy.0 = Debug|x86
		{6B33B26C-008B-4ADB-B317-EF996CD6755B}.Native|Any CPU.ActiveCfg = Debug|x86
		{6B33B26C-008B-4ADB-B317-EF996CD6755B}.Native|Any CPU.Build.0 = Debug|x86
		{6B33B26C-008B-4ADB-B317-EF996CD6755B}.Native|Any CPU.Deploy.0 = Debug|x86
		{6B33B26C-008B-4ADB-B317-EF996CD6755B}.Native|ARM.ActiveCfg = Debug|ARM
		{6B33B26C-008B-4ADB-B317-EF996CD6755B}.Native|ARM.Build.0 = Debug|ARM
		{6B33B26C-008B-4ADB-B317-EF996CD6755B}.Native|ARM.Deploy.0 = Debug|ARM
		{6B33B26C-008B-4ADB-B317-EF996CD6755B}.Native|ARM64.ActiveCfg = Debug|ARM64
		{6B33B26C-008B-4ADB-B317-EF996CD6755B}.Native|ARM64.Build.0 = Debug|ARM64
		{6B33B26C-008B-4ADB-B317-EF996CD6755B}.Native|ARM64.Deploy.0 = Debug|ARM64
		{6B33B26C-008B-4ADB-B317-EF996CD6755B}.Native|x64.ActiveCfg = Debug|x64
		{6B33B26C-008B-4ADB-B317-EF996CD6755B}.Native|x64.Build.0 = Debug|x64
		{6B33B26C-008B-4ADB-B317-EF996CD6755B}.Native|x64.Deploy.0 = Debug|x64
		{6B33B26C-008B-4ADB-B317-EF996CD6755B}.Native|x86.ActiveCfg = Debug|x86
		{6B33B26C-008B-4ADB-B317-EF996CD6755B}.Native|x86.Build.0 = Debug|x86
		{6B33B26C-008B-4ADB-B317-EF996CD6755B}.Native|x86.Deploy.0 = Debug|x86
		{6B33B26C-008B-4ADB-B317-EF996CD6755B}.Release|Any CPU.ActiveCfg = Release|x86
		{6B33B26C-008B-4ADB-B317-EF996CD6755B}.Release|ARM.ActiveCfg = Release|ARM
		{6B33B26C-008B-4ADB-B317-EF996CD6755B}.Release|ARM.Build.0 = Release|ARM
		{6B33B26C-008B-4ADB-B317-EF996CD6755B}.Release|ARM.Deploy.0 = Release|ARM
		{6B33B26C-008B-4ADB-B317-EF996CD6755B}.Release|ARM64.ActiveCfg = Release|ARM64
		{6B33B26C-008B-4ADB-B317-EF996CD6755B}.Release|ARM64.Build.0 = Release|ARM64
		{6B33B26C-008B-4ADB-B317-EF996CD6755B}.Release|ARM64.Deploy.0 = Release|ARM64
		{6B33B26C-008B-4ADB-B317-EF996CD6755B}.Release|x64.ActiveCfg = Release|x64
		{6B33B26C-008B-4ADB-B317-EF996CD6755B}.Release|x64.Build.0 = Release|x64
		{6B33B26C-008B-4ADB-B317-EF996CD6755B}.Release|x64.Deploy.0 = Release|x64
		{6B33B26C-008B-4ADB-B317-EF996CD6755B}.Release|x86.ActiveCfg = Release|x86
		{6B33B26C-008B-4ADB-B317-EF996CD6755B}.Release|x86.Build.0 = Release|x86
		{6B33B26C-008B-4ADB-B317-EF996CD6755B}.Release|x86.Deploy.0 = Release|x86
	EndGlobalSection
	GlobalSection(SolutionProperties) = preSolution
		HideSolutionNode = FALSE
	EndGlobalSection
	GlobalSection(NestedProjects) = preSolution
		{6B33B26C-008B-4ADB-B317-EF996CD6755B} = {FECA0506-1FFF-4BF2-B266-B4ADC7E00879}
	EndGlobalSection
	GlobalSection(ExtensibilityGlobals) = postSolution
		SolutionGuid = {20641689-5BDE-4F6F-8889-CCDD2CC2685E}
	EndGlobalSection
EndGlobal
